
Microsoft Visual Studio Solution File, Format Version 12.00
# Visual Studio Version 17
VisualStudioVersion = 17.4.33205.214
MinimumVisualStudioVersion = 10.0.40219.1
Project("{FAE04EC0-301F-11D3-BF4B-00C04F79EFBC}") = "InvoicesApp", "InvoicesApp\InvoicesApp.csproj", "{A3388327-3C0E-4894-B095-2F9CA9F3823F}"
EndProject
Project("{9A19103F-16F7-4668-BE54-9A1E7A4F7556}") = "Domin", "..\FreeInvoices\Domin\Domin.csproj", "{337C3521-5961-4909-B0C5-99E0EDE3CA50}"
EndProject
Project("{9A19103F-16F7-4668-BE54-9A1E7A4F7556}") = "Infrastructure", "..\FreeInvoices\Infrastructure\Infrastructure.csproj", "{CC34B4EC-0376-4A9C-BE22-D0EC36BC0D57}"
EndProject
Global
	GlobalSection(SolutionConfigurationPlatforms) = preSolution
		Debug|Any CPU = Debug|Any CPU
		Release|Any CPU = Release|Any CPU
	EndGlobalSection
	GlobalSection(ProjectConfigurationPlatforms) = postSolution
		{A3388327-3C0E-4894-B095-2F9CA9F3823F}.Debug|Any CPU.ActiveCfg = Debug|Any CPU
		{A3388327-3C0E-4894-B095-2F9CA9F3823F}.Debug|Any CPU.Build.0 = Debug|Any CPU
		{A3388327-3C0E-4894-B095-2F9CA9F3823F}.Release|Any CPU.ActiveCfg = Release|Any CPU
		{A3388327-3C0E-4894-B095-2F9CA9F3823F}.Release|Any CPU.Build.0 = Release|Any CPU
		{337C3521-5961-4909-B0C5-99E0EDE3CA50}.Debug|Any CPU.ActiveCfg = Debug|Any CPU
		{337C3521-5961-4909-B0C5-99E0EDE3CA50}.Debug|Any CPU.Build.0 = Debug|Any CPU
		{337C3521-5961-4909-B0C5-99E0EDE3CA50}.Release|Any CPU.ActiveCfg = Release|Any CPU
		{337C3521-5961-4909-B0C5-99E0EDE3CA50}.Release|Any CPU.Build.0 = Release|Any CPU
		{CC34B4EC-0376-4A9C-BE22-D0EC36BC0D57}.Debug|Any CPU.ActiveCfg = Debug|Any CPU
		{CC34B4EC-0376-4A9C-BE22-D0EC36BC0D57}.Debug|Any CPU.Build.0 = Debug|Any CPU
		{CC34B4EC-0376-4A9C-BE22-D0EC36BC0D57}.Release|Any CPU.ActiveCfg = Release|Any CPU
		{CC34B4EC-0376-4A9C-BE22-D0EC36BC0D57}.Release|Any CPU.Build.0 = Release|Any CPU
	EndGlobalSection
	GlobalSection(SolutionProperties) = preSolution
		HideSolutionNode = FALSE
	EndGlobalSection
	GlobalSection(ExtensibilityGlobals) = postSolution
		SolutionGuid = {8B7CEC10-985F-455F-BC14-9BBA6964CF4B}
	EndGlobalSection
EndGlobal
